// !$*UTF8*$!
{
	archiveVersion = 1;
	classes = {
	};
	objectVersion = 46;
	objects = {

/* Begin PBXBuildFile section */
		1D4FFAE917290D9800AA5D35 /* Cocoa.framework in Frameworks */ = {isa = PBXBuildFile; fileRef = 1DEB65631727E18800FDBDC3 /* Cocoa.framework */; };
		1D4FFAEC17290D9800AA5D35 /* InfoPlist.strings in Resources */ = {isa = PBXBuildFile; fileRef = 1DEB656C1727E18800FDBDC3 /* InfoPlist.strings */; };
		1D4FFAFA1729122E00AA5D35 /* GHUnitTestMain.m in Sources */ = {isa = PBXBuildFile; fileRef = 1D4FFAF91729122E00AA5D35 /* GHUnitTestMain.m */; };
		1D4FFAFD17291A1500AA5D35 /* KFEpubParserTest.m in Sources */ = {isa = PBXBuildFile; fileRef = 1D4FFAFC17291A1500AA5D35 /* KFEpubParserTest.m */; };
		1D4FFB0017291D4C00AA5D35 /* valid.opf in Resources */ = {isa = PBXBuildFile; fileRef = 1D4FFAFF17291D4C00AA5D35 /* valid.opf */; };
		1D4FFB031729251A00AA5D35 /* invalid-toc.opf in Resources */ = {isa = PBXBuildFile; fileRef = 1D4FFB021729251A00AA5D35 /* invalid-toc.opf */; };
		1D4FFB0517292EA500AA5D35 /* invalid-manifest.opf in Resources */ = {isa = PBXBuildFile; fileRef = 1D4FFB0417292EA500AA5D35 /* invalid-manifest.opf */; };
		1D4FFB091729383E00AA5D35 /* KFEpubExtractorTest.m in Sources */ = {isa = PBXBuildFile; fileRef = 1D4FFB081729383E00AA5D35 /* KFEpubExtractorTest.m */; };
		1D4FFB0B17293ABB00AA5D35 /* tolstoy-war-and-peace.epub in Resources */ = {isa = PBXBuildFile; fileRef = 1D4FFB0A17293ABA00AA5D35 /* tolstoy-war-and-peace.epub */; };
		1D4FFB14172979E600AA5D35 /* KFEpubControllerTest.m in Sources */ = {isa = PBXBuildFile; fileRef = 1D4FFB13172979E600AA5D35 /* KFEpubControllerTest.m */; };
		1D4FFB1717297ABB00AA5D35 /* KFEpubTestUtils.m in Sources */ = {isa = PBXBuildFile; fileRef = 1D4FFB1617297ABB00AA5D35 /* KFEpubTestUtils.m */; };
		1D4FFB21172989E300AA5D35 /* tolstoy-war-and-peace.epub in Resources */ = {isa = PBXBuildFile; fileRef = 1D4FFB20172989E300AA5D35 /* tolstoy-war-and-peace.epub */; };
		1D4FFB231729918900AA5D35 /* valid-comments.opf in Resources */ = {isa = PBXBuildFile; fileRef = 1D4FFB221729918900AA5D35 /* valid-comments.opf */; };
		1D717502176900FC00CA1E90 /* InfoPlist.strings in Resources */ = {isa = PBXBuildFile; fileRef = 1D717500176900FC00CA1E90 /* InfoPlist.strings */; };
		1D717504176900FC00CA1E90 /* main.m in Sources */ = {isa = PBXBuildFile; fileRef = 1D717503176900FC00CA1E90 /* main.m */; };
		1D717508176900FC00CA1E90 /* KFAppDelegate.m in Sources */ = {isa = PBXBuildFile; fileRef = 1D717507176900FC00CA1E90 /* KFAppDelegate.m */; };
		1D71750A176900FC00CA1E90 /* Default.png in Resources */ = {isa = PBXBuildFile; fileRef = 1D717509176900FC00CA1E90 /* Default.png */; };
		1D71750C176900FC00CA1E90 /* Default@2x.png in Resources */ = {isa = PBXBuildFile; fileRef = 1D71750B176900FC00CA1E90 /* Default@2x.png */; };
		1D71750E176900FC00CA1E90 /* Default-568h@2x.png in Resources */ = {isa = PBXBuildFile; fileRef = 1D71750D176900FC00CA1E90 /* Default-568h@2x.png */; };
		1D717514176900FC00CA1E90 /* KFViewController_iPhone.xib in Resources */ = {isa = PBXBuildFile; fileRef = 1D717512176900FC00CA1E90 /* KFViewController_iPhone.xib */; };
		1D717517176900FC00CA1E90 /* KFViewController_iPad.xib in Resources */ = {isa = PBXBuildFile; fileRef = 1D717515176900FC00CA1E90 /* KFViewController_iPad.xib */; };
		1D7175281769102500CA1E90 /* tolstoy-war-and-peace.epub in Resources */ = {isa = PBXBuildFile; fileRef = 1D4FFB0A17293ABA00AA5D35 /* tolstoy-war-and-peace.epub */; };
		1DC73F111733FA6900C87195 /* Winnie-the-Pooh.epub in Resources */ = {isa = PBXBuildFile; fileRef = 1DC73F101733FA6900C87195 /* Winnie-the-Pooh.epub */; };
		1DEB65641727E18800FDBDC3 /* Cocoa.framework in Frameworks */ = {isa = PBXBuildFile; fileRef = 1DEB65631727E18800FDBDC3 /* Cocoa.framework */; };
		1DEB656E1727E18800FDBDC3 /* InfoPlist.strings in Resources */ = {isa = PBXBuildFile; fileRef = 1DEB656C1727E18800FDBDC3 /* InfoPlist.strings */; };
		279AEA85E3E0F1BF3209D863 /* libPods-mbBooks Tests.a in Frameworks */ = {isa = PBXBuildFile; fileRef = 15998E810106D06E0248F2ED /* libPods-mbBooks Tests.a */; };
		2C25EA2C227AE312002D453A /* Main.storyboard in Resources */ = {isa = PBXBuildFile; fileRef = 2C12A5A6227977E700CA6076 /* Main.storyboard */; };
		2C25EA2D227B048B002D453A /* Main.storyboard in Resources */ = {isa = PBXBuildFile; fileRef = 2C12A5A6227977E700CA6076 /* Main.storyboard */; };
		2C25EA2E227B048C002D453A /* Main.storyboard in Resources */ = {isa = PBXBuildFile; fileRef = 2C12A5A6227977E700CA6076 /* Main.storyboard */; };
		2C25EA30227B2471002D453A /* mbBooksViewController.swift in Sources */ = {isa = PBXBuildFile; fileRef = 2C25EA2F227B2471002D453A /* mbBooksViewController.swift */; };
		2C42E17A227E064700D90DD2 /* mbLibraryViewController.swift in Sources */ = {isa = PBXBuildFile; fileRef = 2C42E179227E064700D90DD2 /* mbLibraryViewController.swift */; };
		2C42E17E227ED21B00D90DD2 /* mbChapters.swift in Sources */ = {isa = PBXBuildFile; fileRef = 2C42E17C227ED21B00D90DD2 /* mbChapters.swift */; };
		2C46C83E227C360F0084C03E /* mbBooks.xcdatamodeld in Sources */ = {isa = PBXBuildFile; fileRef = 2C46C83C227C360E0084C03E /* mbBooks.xcdatamodeld */; };
		2C63A9882274EF17008A026E /* tolstoy-war-and-peace.epub in Resources */ = {isa = PBXBuildFile; fileRef = 1D4FFB20172989E300AA5D35 /* tolstoy-war-and-peace.epub */; };
		2C63A9892274F000008A026E /* mbBooks iOS.app in Resources */ = {isa = PBXBuildFile; fileRef = 1D7174F6176900FC00CA1E90 /* mbBooks iOS.app */; };
		2C63A98C2274F2AD008A026E /* UIKit.framework in Frameworks */ = {isa = PBXBuildFile; fileRef = 2C63A98B2274F2AC008A026E /* UIKit.framework */; settings = {ATTRIBUTES = (Required, ); }; };
		2C63A98D2274F374008A026E /* KFViewController.m in Sources */ = {isa = PBXBuildFile; fileRef = 1D717510176900FC00CA1E90 /* KFViewController.m */; };
		2C63A98E2274F4BF008A026E /* mbBooks Tests.app in Resources */ = {isa = PBXBuildFile; fileRef = 1D4FFAF417290D9800AA5D35 /* mbBooks Tests.app */; };
		2C63A999227838EF008A026E /* Foundation.framework in Frameworks */ = {isa = PBXBuildFile; fileRef = 1DEB65681727E18800FDBDC3 /* Foundation.framework */; };
		2C98E7C42282D417000BA9F4 /* Media.xcassets in Resources */ = {isa = PBXBuildFile; fileRef = 2C98E7C32282D417000BA9F4 /* Media.xcassets */; };
		2C99472222784A3E00C8CB9D /* CoreGraphics.framework in Frameworks */ = {isa = PBXBuildFile; fileRef = 2C99472122784A3E00C8CB9D /* CoreGraphics.framework */; };
		2C99472422784A5800C8CB9D /* CoreGraphics.framework in Frameworks */ = {isa = PBXBuildFile; fileRef = 2C99472322784A5800C8CB9D /* CoreGraphics.framework */; };
		2C99472622784A6200C8CB9D /* Foundation.framework in Frameworks */ = {isa = PBXBuildFile; fileRef = 2C99472522784A6200C8CB9D /* Foundation.framework */; };
		2C9947302278523C00C8CB9D /* mbBooksConstants.swift in Sources */ = {isa = PBXBuildFile; fileRef = 2C99472C22784C9300C8CB9D /* mbBooksConstants.swift */; };
		2C99473322789B4A00C8CB9D /* mbBooksConstants.swift in Sources */ = {isa = PBXBuildFile; fileRef = 2C99472C22784C9300C8CB9D /* mbBooksConstants.swift */; };
		2C99473422789B4B00C8CB9D /* mbBooksConstants.swift in Sources */ = {isa = PBXBuildFile; fileRef = 2C99472C22784C9300C8CB9D /* mbBooksConstants.swift */; };
		2C99473522789E2E00C8CB9D /* mbBooksContentModel.swift in Sources */ = {isa = PBXBuildFile; fileRef = 2C99472E22784E7E00C8CB9D /* mbBooksContentModel.swift */; };
		2C9947362278A29500C8CB9D /* mbBooksController.swift in Sources */ = {isa = PBXBuildFile; fileRef = 2C99472A22784BB100C8CB9D /* mbBooksController.swift */; };
		2C9947372278A4DD00C8CB9D /* mbBooksExtractor.swift in Sources */ = {isa = PBXBuildFile; fileRef = 2C63A99722783784008A026E /* mbBooksExtractor.swift */; };
		2C9947392278A51700C8CB9D /* mbBooksParser.swift in Sources */ = {isa = PBXBuildFile; fileRef = 2C9947382278A51700C8CB9D /* mbBooksParser.swift */; };
		2C99473A2278AAD800C8CB9D /* AppDelegate.swift in Sources */ = {isa = PBXBuildFile; fileRef = 2C63A99522775E74008A026E /* AppDelegate.swift */; };
		2C99A4A72281E1B000020B4F /* mbBooksTextViewController.swift in Sources */ = {isa = PBXBuildFile; fileRef = 2C99A4A62281E1B000020B4F /* mbBooksTextViewController.swift */; };
		2CECEE9422790696003D714D /* AppDelegate.swift in Sources */ = {isa = PBXBuildFile; fileRef = 2C63A99522775E74008A026E /* AppDelegate.swift */; };
		2CECEE9522790698003D714D /* AppDelegate.swift in Sources */ = {isa = PBXBuildFile; fileRef = 2C63A99522775E74008A026E /* AppDelegate.swift */; };
		2CECEE962279069E003D714D /* mbBooksController.swift in Sources */ = {isa = PBXBuildFile; fileRef = 2C99472A22784BB100C8CB9D /* mbBooksController.swift */; };
		2CECEE98227906A7003D714D /* mbBooksContentModel.swift in Sources */ = {isa = PBXBuildFile; fileRef = 2C99472E22784E7E00C8CB9D /* mbBooksContentModel.swift */; };
		2CECEE99227906A8003D714D /* mbBooksContentModel.swift in Sources */ = {isa = PBXBuildFile; fileRef = 2C99472E22784E7E00C8CB9D /* mbBooksContentModel.swift */; };
		2CECEE9A227906AD003D714D /* mbBooksParser.swift in Sources */ = {isa = PBXBuildFile; fileRef = 2C9947382278A51700C8CB9D /* mbBooksParser.swift */; };
		2CECEE9B227906AE003D714D /* mbBooksParser.swift in Sources */ = {isa = PBXBuildFile; fileRef = 2C9947382278A51700C8CB9D /* mbBooksParser.swift */; };
		2CECEE9C227906B1003D714D /* mbBooksExtractor.swift in Sources */ = {isa = PBXBuildFile; fileRef = 2C63A99722783784008A026E /* mbBooksExtractor.swift */; };
		2CECEE9D227906B2003D714D /* mbBooksExtractor.swift in Sources */ = {isa = PBXBuildFile; fileRef = 2C63A99722783784008A026E /* mbBooksExtractor.swift */; };
		4E94EF67471022DDD5967823 /* Pods_mbBooks.framework in Frameworks */ = {isa = PBXBuildFile; fileRef = 699ECAD7816D65EFC1069DA0 /* Pods_mbBooks.framework */; };
		A12DDBB9AA234420596BD149 /* libPods-mbBooks iOS.a in Frameworks */ = {isa = PBXBuildFile; fileRef = 1F192F860501B481C437173E /* libPods-mbBooks iOS.a */; };
/* End PBXBuildFile section */

/* Begin PBXFileReference section */
		15998E810106D06E0248F2ED /* libPods-mbBooks Tests.a */ = {isa = PBXFileReference; explicitFileType = archive.ar; includeInIndex = 0; path = "libPods-mbBooks Tests.a"; sourceTree = BUILT_PRODUCTS_DIR; };
		1D4CF0431748F25E006D3281 /* README.md */ = {isa = PBXFileReference; lastKnownFileType = text; path = README.md; sourceTree = "<group>"; };
		1D4FFADE1728255100AA5D35 /* mbBooks.entitlements */ = {isa = PBXFileReference; lastKnownFileType = text.plist.entitlements; path = mbBooks.entitlements; sourceTree = "<group>"; };
		1D4FFAF417290D9800AA5D35 /* mbBooks Tests.app */ = {isa = PBXFileReference; explicitFileType = wrapper.application; includeInIndex = 0; path = "mbBooks Tests.app"; sourceTree = BUILT_PRODUCTS_DIR; };
		1D4FFAF717290E1700AA5D35 /* mbBooksTests-Info.plist */ = {isa = PBXFileReference; fileEncoding = 4; lastKnownFileType = text.plist.xml; path = "mbBooksTests-Info.plist"; sourceTree = "<group>"; };
		1D4FFAF91729122E00AA5D35 /* GHUnitTestMain.m */ = {isa = PBXFileReference; fileEncoding = 4; lastKnownFileType = sourcecode.c.objc; path = GHUnitTestMain.m; sourceTree = "<group>"; };
		1D4FFAFC17291A1500AA5D35 /* KFEpubParserTest.m */ = {isa = PBXFileReference; fileEncoding = 4; lastKnownFileType = sourcecode.c.objc; path = KFEpubParserTest.m; sourceTree = "<group>"; };
		1D4FFAFF17291D4C00AA5D35 /* valid.opf */ = {isa = PBXFileReference; fileEncoding = 4; lastKnownFileType = text.xml; path = valid.opf; sourceTree = "<group>"; };
		1D4FFB021729251A00AA5D35 /* invalid-toc.opf */ = {isa = PBXFileReference; fileEncoding = 4; lastKnownFileType = text.xml; path = "invalid-toc.opf"; sourceTree = "<group>"; };
		1D4FFB0417292EA500AA5D35 /* invalid-manifest.opf */ = {isa = PBXFileReference; fileEncoding = 4; lastKnownFileType = text.xml; path = "invalid-manifest.opf"; sourceTree = "<group>"; };
		1D4FFB081729383E00AA5D35 /* KFEpubExtractorTest.m */ = {isa = PBXFileReference; fileEncoding = 4; lastKnownFileType = sourcecode.c.objc; path = KFEpubExtractorTest.m; sourceTree = "<group>"; };
		1D4FFB0A17293ABA00AA5D35 /* tolstoy-war-and-peace.epub */ = {isa = PBXFileReference; lastKnownFileType = file; path = "tolstoy-war-and-peace.epub"; sourceTree = "<group>"; };
		1D4FFB13172979E600AA5D35 /* KFEpubControllerTest.m */ = {isa = PBXFileReference; fileEncoding = 4; lastKnownFileType = sourcecode.c.objc; path = KFEpubControllerTest.m; sourceTree = "<group>"; };
		1D4FFB1517297ABB00AA5D35 /* KFEpubTestUtils.h */ = {isa = PBXFileReference; fileEncoding = 4; lastKnownFileType = sourcecode.c.h; path = KFEpubTestUtils.h; sourceTree = "<group>"; };
		1D4FFB1617297ABB00AA5D35 /* KFEpubTestUtils.m */ = {isa = PBXFileReference; fileEncoding = 4; lastKnownFileType = sourcecode.c.objc; path = KFEpubTestUtils.m; sourceTree = "<group>"; };
		1D4FFB20172989E300AA5D35 /* tolstoy-war-and-peace.epub */ = {isa = PBXFileReference; lastKnownFileType = file; path = "tolstoy-war-and-peace.epub"; sourceTree = "<group>"; };
		1D4FFB221729918900AA5D35 /* valid-comments.opf */ = {isa = PBXFileReference; fileEncoding = 4; lastKnownFileType = text.xml; path = "valid-comments.opf"; sourceTree = "<group>"; };
		1D7174F6176900FC00CA1E90 /* mbBooks iOS.app */ = {isa = PBXFileReference; explicitFileType = wrapper.application; includeInIndex = 0; path = "mbBooks iOS.app"; sourceTree = BUILT_PRODUCTS_DIR; };
		1D7174FF176900FC00CA1E90 /* mbBooks iOS-Info.plist */ = {isa = PBXFileReference; lastKnownFileType = text.plist.xml; path = "mbBooks iOS-Info.plist"; sourceTree = "<group>"; };
		1D717501176900FC00CA1E90 /* en */ = {isa = PBXFileReference; lastKnownFileType = text.plist.strings; name = en; path = en.lproj/InfoPlist.strings; sourceTree = "<group>"; };
		1D717503176900FC00CA1E90 /* main.m */ = {isa = PBXFileReference; lastKnownFileType = sourcecode.c.objc; path = main.m; sourceTree = "<group>"; };
		1D717505176900FC00CA1E90 /* mbBooks iOS-Prefix.pch */ = {isa = PBXFileReference; lastKnownFileType = sourcecode.c.h; path = "mbBooks iOS-Prefix.pch"; sourceTree = "<group>"; };
		1D717506176900FC00CA1E90 /* KFAppDelegate.h */ = {isa = PBXFileReference; lastKnownFileType = sourcecode.c.h; path = KFAppDelegate.h; sourceTree = "<group>"; };
		1D717507176900FC00CA1E90 /* KFAppDelegate.m */ = {isa = PBXFileReference; lastKnownFileType = sourcecode.c.objc; path = KFAppDelegate.m; sourceTree = "<group>"; };
		1D717509176900FC00CA1E90 /* Default.png */ = {isa = PBXFileReference; lastKnownFileType = image.png; path = Default.png; sourceTree = "<group>"; };
		1D71750B176900FC00CA1E90 /* Default@2x.png */ = {isa = PBXFileReference; lastKnownFileType = image.png; path = "Default@2x.png"; sourceTree = "<group>"; };
		1D71750D176900FC00CA1E90 /* Default-568h@2x.png */ = {isa = PBXFileReference; lastKnownFileType = image.png; path = "Default-568h@2x.png"; sourceTree = "<group>"; };
		1D71750F176900FC00CA1E90 /* KFViewController.h */ = {isa = PBXFileReference; lastKnownFileType = sourcecode.c.h; path = KFViewController.h; sourceTree = "<group>"; };
		1D717510176900FC00CA1E90 /* KFViewController.m */ = {isa = PBXFileReference; lastKnownFileType = sourcecode.c.objc; path = KFViewController.m; sourceTree = "<group>"; };
		1DC73F101733FA6900C87195 /* Winnie-the-Pooh.epub */ = {isa = PBXFileReference; lastKnownFileType = file; path = "Winnie-the-Pooh.epub"; sourceTree = "<group>"; };
		1DEB65601727E18800FDBDC3 /* mbBooks.app */ = {isa = PBXFileReference; explicitFileType = wrapper.application; includeInIndex = 0; path = mbBooks.app; sourceTree = BUILT_PRODUCTS_DIR; };
		1DEB65631727E18800FDBDC3 /* Cocoa.framework */ = {isa = PBXFileReference; lastKnownFileType = wrapper.framework; name = Cocoa.framework; path = System/Library/Frameworks/Cocoa.framework; sourceTree = SDKROOT; };
		1DEB65661727E18800FDBDC3 /* AppKit.framework */ = {isa = PBXFileReference; lastKnownFileType = wrapper.framework; name = AppKit.framework; path = System/Library/Frameworks/AppKit.framework; sourceTree = SDKROOT; };
		1DEB65671727E18800FDBDC3 /* CoreData.framework */ = {isa = PBXFileReference; lastKnownFileType = wrapper.framework; name = CoreData.framework; path = System/Library/Frameworks/CoreData.framework; sourceTree = SDKROOT; };
		1DEB65681727E18800FDBDC3 /* Foundation.framework */ = {isa = PBXFileReference; lastKnownFileType = wrapper.framework; name = Foundation.framework; path = System/Library/Frameworks/Foundation.framework; sourceTree = SDKROOT; };
		1DEB656B1727E18800FDBDC3 /* mbBooks-Info.plist */ = {isa = PBXFileReference; lastKnownFileType = text.plist.xml; path = "mbBooks-Info.plist"; sourceTree = "<group>"; };
		1DEB656D1727E18800FDBDC3 /* en */ = {isa = PBXFileReference; lastKnownFileType = text.plist.strings; name = en; path = en.lproj/InfoPlist.strings; sourceTree = "<group>"; };
		1DEB65711727E18800FDBDC3 /* mbBooks-Prefix.pch */ = {isa = PBXFileReference; lastKnownFileType = sourcecode.c.h; path = "mbBooks-Prefix.pch"; sourceTree = "<group>"; };
		1F192F860501B481C437173E /* libPods-mbBooks iOS.a */ = {isa = PBXFileReference; explicitFileType = archive.ar; includeInIndex = 0; path = "libPods-mbBooks iOS.a"; sourceTree = BUILT_PRODUCTS_DIR; };
		2C12A5A7227977E700CA6076 /* Base */ = {isa = PBXFileReference; lastKnownFileType = file.storyboard; name = Base; path = Base.lproj/Main.storyboard; sourceTree = "<group>"; };
		2C25EA2F227B2471002D453A /* mbBooksViewController.swift */ = {isa = PBXFileReference; lastKnownFileType = sourcecode.swift; path = mbBooksViewController.swift; sourceTree = "<group>"; };
		2C42E179227E064700D90DD2 /* mbLibraryViewController.swift */ = {isa = PBXFileReference; lastKnownFileType = sourcecode.swift; path = mbLibraryViewController.swift; sourceTree = "<group>"; };
		2C42E17C227ED21B00D90DD2 /* mbChapters.swift */ = {isa = PBXFileReference; fileEncoding = 4; lastKnownFileType = sourcecode.swift; path = mbChapters.swift; sourceTree = "<group>"; };
		2C46C83D227C360E0084C03E /* mbBooks.xcdatamodel */ = {isa = PBXFileReference; lastKnownFileType = wrapper.xcdatamodel; path = mbBooks.xcdatamodel; sourceTree = "<group>"; };
		2C63A98B2274F2AC008A026E /* UIKit.framework */ = {isa = PBXFileReference; lastKnownFileType = wrapper.framework; name = UIKit.framework; path = Platforms/iPhoneOS.platform/Developer/SDKs/iPhoneOS12.2.sdk/System/Library/Frameworks/UIKit.framework; sourceTree = DEVELOPER_DIR; };
		2C63A99022757102008A026E /* Base */ = {isa = PBXFileReference; lastKnownFileType = file.xib; name = Base; path = Base.lproj/KFViewController_iPhone.xib; sourceTree = "<group>"; };
		2C63A99122757102008A026E /* Base */ = {isa = PBXFileReference; lastKnownFileType = file.xib; name = Base; path = Base.lproj/KFViewController_iPad.xib; sourceTree = "<group>"; };
		2C63A99422775E73008A026E /* mbBooks-Bridging-Header.h */ = {isa = PBXFileReference; lastKnownFileType = sourcecode.c.h; path = "mbBooks-Bridging-Header.h"; sourceTree = "<group>"; };
		2C63A99522775E74008A026E /* AppDelegate.swift */ = {isa = PBXFileReference; lastKnownFileType = sourcecode.swift; path = AppDelegate.swift; sourceTree = "<group>"; };
		2C63A99722783784008A026E /* mbBooksExtractor.swift */ = {isa = PBXFileReference; lastKnownFileType = sourcecode.swift; name = mbBooksExtractor.swift; path = Sources/mbBooksExtractor.swift; sourceTree = "<group>"; };
		2C98E7C32282D417000BA9F4 /* Media.xcassets */ = {isa = PBXFileReference; lastKnownFileType = folder.assetcatalog; name = Media.xcassets; path = Resources/Media.xcassets; sourceTree = "<group>"; };
		2C99472122784A3E00C8CB9D /* CoreGraphics.framework */ = {isa = PBXFileReference; lastKnownFileType = wrapper.framework; name = CoreGraphics.framework; path = System/Library/Frameworks/CoreGraphics.framework; sourceTree = SDKROOT; };
		2C99472322784A5800C8CB9D /* CoreGraphics.framework */ = {isa = PBXFileReference; lastKnownFileType = wrapper.framework; name = CoreGraphics.framework; path = Platforms/iPhoneOS.platform/Developer/SDKs/iPhoneOS12.2.sdk/System/Library/Frameworks/CoreGraphics.framework; sourceTree = DEVELOPER_DIR; };
		2C99472522784A6200C8CB9D /* Foundation.framework */ = {isa = PBXFileReference; lastKnownFileType = wrapper.framework; name = Foundation.framework; path = Platforms/iPhoneOS.platform/Developer/SDKs/iPhoneOS12.2.sdk/System/Library/Frameworks/Foundation.framework; sourceTree = DEVELOPER_DIR; };
		2C99472A22784BB100C8CB9D /* mbBooksController.swift */ = {isa = PBXFileReference; lastKnownFileType = sourcecode.swift; path = mbBooksController.swift; sourceTree = "<group>"; };
		2C99472C22784C9300C8CB9D /* mbBooksConstants.swift */ = {isa = PBXFileReference; lastKnownFileType = sourcecode.swift; name = mbBooksConstants.swift; path = Sources/mbBooksConstants.swift; sourceTree = "<group>"; };
		2C99472E22784E7E00C8CB9D /* mbBooksContentModel.swift */ = {isa = PBXFileReference; lastKnownFileType = sourcecode.swift; name = mbBooksContentModel.swift; path = Sources/mbBooksContentModel.swift; sourceTree = "<group>"; };
		2C9947382278A51700C8CB9D /* mbBooksParser.swift */ = {isa = PBXFileReference; lastKnownFileType = sourcecode.swift; name = mbBooksParser.swift; path = Sources/mbBooksParser.swift; sourceTree = "<group>"; };
		2C99A4A62281E1B000020B4F /* mbBooksTextViewController.swift */ = {isa = PBXFileReference; lastKnownFileType = sourcecode.swift; name = mbBooksTextViewController.swift; path = Sources/mbBooksTextViewController.swift; sourceTree = "<group>"; };
		460CA5ACFE56C50D869B6D04 /* Pods-mbBooks iOS.release.xcconfig */ = {isa = PBXFileReference; includeInIndex = 1; lastKnownFileType = text.xcconfig; name = "Pods-mbBooks iOS.release.xcconfig"; path = "Target Support Files/Pods-mbBooks iOS/Pods-mbBooks iOS.release.xcconfig"; sourceTree = "<group>"; };
		699ECAD7816D65EFC1069DA0 /* Pods_mbBooks.framework */ = {isa = PBXFileReference; explicitFileType = wrapper.framework; includeInIndex = 0; path = Pods_mbBooks.framework; sourceTree = BUILT_PRODUCTS_DIR; };
		74C6F5A6962A786C936117E2 /* Pods-mbBooks iOS.debug.xcconfig */ = {isa = PBXFileReference; includeInIndex = 1; lastKnownFileType = text.xcconfig; name = "Pods-mbBooks iOS.debug.xcconfig"; path = "Target Support Files/Pods-mbBooks iOS/Pods-mbBooks iOS.debug.xcconfig"; sourceTree = "<group>"; };
		971F40BD14499F88A79A2939 /* Pods-mbBooks.debug.xcconfig */ = {isa = PBXFileReference; includeInIndex = 1; lastKnownFileType = text.xcconfig; name = "Pods-mbBooks.debug.xcconfig"; path = "Target Support Files/Pods-mbBooks/Pods-mbBooks.debug.xcconfig"; sourceTree = "<group>"; };
		C18108DEA5B1605D013417E3 /* Pods-mbBooks Tests.release.xcconfig */ = {isa = PBXFileReference; includeInIndex = 1; lastKnownFileType = text.xcconfig; name = "Pods-mbBooks Tests.release.xcconfig"; path = "Target Support Files/Pods-mbBooks Tests/Pods-mbBooks Tests.release.xcconfig"; sourceTree = "<group>"; };
		E7E69929C842194E500716D8 /* Pods-mbBooks.release.xcconfig */ = {isa = PBXFileReference; includeInIndex = 1; lastKnownFileType = text.xcconfig; name = "Pods-mbBooks.release.xcconfig"; path = "Target Support Files/Pods-mbBooks/Pods-mbBooks.release.xcconfig"; sourceTree = "<group>"; };
		EDD170F9EAA0CF43FFE26DDF /* Pods-mbBooks Tests.debug.xcconfig */ = {isa = PBXFileReference; includeInIndex = 1; lastKnownFileType = text.xcconfig; name = "Pods-mbBooks Tests.debug.xcconfig"; path = "Target Support Files/Pods-mbBooks Tests/Pods-mbBooks Tests.debug.xcconfig"; sourceTree = "<group>"; };
/* End PBXFileReference section */

/* Begin PBXFrameworksBuildPhase section */
		1D4FFAE817290D9800AA5D35 /* Frameworks */ = {
			isa = PBXFrameworksBuildPhase;
			buildActionMask = 2147483647;
			files = (
				1D4FFAE917290D9800AA5D35 /* Cocoa.framework in Frameworks */,
				279AEA85E3E0F1BF3209D863 /* libPods-mbBooks Tests.a in Frameworks */,
			);
			runOnlyForDeploymentPostprocessing = 0;
		};
		1D7174F3176900FC00CA1E90 /* Frameworks */ = {
			isa = PBXFrameworksBuildPhase;
			buildActionMask = 2147483647;
			files = (
				2C99472622784A6200C8CB9D /* Foundation.framework in Frameworks */,
				2C99472422784A5800C8CB9D /* CoreGraphics.framework in Frameworks */,
				2C63A98C2274F2AD008A026E /* UIKit.framework in Frameworks */,
				A12DDBB9AA234420596BD149 /* libPods-mbBooks iOS.a in Frameworks */,
			);
			runOnlyForDeploymentPostprocessing = 0;
		};
		1DEB655D1727E18800FDBDC3 /* Frameworks */ = {
			isa = PBXFrameworksBuildPhase;
			buildActionMask = 2147483647;
			files = (
				2C99472222784A3E00C8CB9D /* CoreGraphics.framework in Frameworks */,
				2C63A999227838EF008A026E /* Foundation.framework in Frameworks */,
				1DEB65641727E18800FDBDC3 /* Cocoa.framework in Frameworks */,
				4E94EF67471022DDD5967823 /* Pods_mbBooks.framework in Frameworks */,
			);
			runOnlyForDeploymentPostprocessing = 0;
		};
/* End PBXFrameworksBuildPhase section */

/* Begin PBXGroup section */
		1D4CF03F1748F0BC006D3281 /* Utils */ = {
			isa = PBXGroup;
			children = (
				1D4FFB1517297ABB00AA5D35 /* KFEpubTestUtils.h */,
				1D4FFB1617297ABB00AA5D35 /* KFEpubTestUtils.m */,
			);
			name = Utils;
			sourceTree = "<group>";
		};
		1D4FFAF617290E1700AA5D35 /* mbBooksTests */ = {
			isa = PBXGroup;
			children = (
				1D4FFB061729321F00AA5D35 /* Sources */,
				1D4FFB0117291D5600AA5D35 /* Supporting Files */,
				1D4FFAFE17291D4C00AA5D35 /* Resources */,
			);
			path = mbBooksTests;
			sourceTree = "<group>";
		};
		1D4FFAFE17291D4C00AA5D35 /* Resources */ = {
			isa = PBXGroup;
			children = (
				1D4FFB0C17293AC200AA5D35 /* OPF Files */,
				1D4FFB0D17293ACC00AA5D35 /* EPUBs */,
			);
			path = Resources;
			sourceTree = "<group>";
		};
		1D4FFB0117291D5600AA5D35 /* Supporting Files */ = {
			isa = PBXGroup;
			children = (
				1D4FFAF91729122E00AA5D35 /* GHUnitTestMain.m */,
				1D4FFAF717290E1700AA5D35 /* mbBooksTests-Info.plist */,
			);
			name = "Supporting Files";
			sourceTree = "<group>";
		};
		1D4FFB061729321F00AA5D35 /* Sources */ = {
			isa = PBXGroup;
			children = (
				1D4FFB13172979E600AA5D35 /* KFEpubControllerTest.m */,
				1D4FFB081729383E00AA5D35 /* KFEpubExtractorTest.m */,
				1D4FFAFC17291A1500AA5D35 /* KFEpubParserTest.m */,
				1D4CF03F1748F0BC006D3281 /* Utils */,
			);
			name = Sources;
			sourceTree = "<group>";
		};
		1D4FFB0C17293AC200AA5D35 /* OPF Files */ = {
			isa = PBXGroup;
			children = (
				1D4FFB0417292EA500AA5D35 /* invalid-manifest.opf */,
				1D4FFB021729251A00AA5D35 /* invalid-toc.opf */,
				1D4FFB221729918900AA5D35 /* valid-comments.opf */,
				1D4FFAFF17291D4C00AA5D35 /* valid.opf */,
			);
			name = "OPF Files";
			sourceTree = "<group>";
		};
		1D4FFB0D17293ACC00AA5D35 /* EPUBs */ = {
			isa = PBXGroup;
			children = (
				1DC73F101733FA6900C87195 /* Winnie-the-Pooh.epub */,
				1D4FFB0A17293ABA00AA5D35 /* tolstoy-war-and-peace.epub */,
			);
			name = EPUBs;
			sourceTree = "<group>";
		};
		1D7174FD176900FC00CA1E90 /* mbBooks iOS */ = {
			isa = PBXGroup;
			children = (
				1D717506176900FC00CA1E90 /* KFAppDelegate.h */,
				1D717507176900FC00CA1E90 /* KFAppDelegate.m */,
				1D71750F176900FC00CA1E90 /* KFViewController.h */,
				1D717510176900FC00CA1E90 /* KFViewController.m */,
				1D717512176900FC00CA1E90 /* KFViewController_iPhone.xib */,
				1D717515176900FC00CA1E90 /* KFViewController_iPad.xib */,
				1D7174FE176900FC00CA1E90 /* Supporting Files */,
			);
			path = "mbBooks iOS";
			sourceTree = "<group>";
		};
		1D7174FE176900FC00CA1E90 /* Supporting Files */ = {
			isa = PBXGroup;
			children = (
				1D7174FF176900FC00CA1E90 /* mbBooks iOS-Info.plist */,
				1D717500176900FC00CA1E90 /* InfoPlist.strings */,
				1D717503176900FC00CA1E90 /* main.m */,
				1D717505176900FC00CA1E90 /* mbBooks iOS-Prefix.pch */,
				1D717509176900FC00CA1E90 /* Default.png */,
				1D71750B176900FC00CA1E90 /* Default@2x.png */,
				1D71750D176900FC00CA1E90 /* Default-568h@2x.png */,
			);
			name = "Supporting Files";
			sourceTree = "<group>";
		};
		1DEB65571727E18800FDBDC3 = {
			isa = PBXGroup;
			children = (
				1D4CF0431748F25E006D3281 /* README.md */,
				1DEB65691727E18800FDBDC3 /* mbBooks */,
				1D4FFAF617290E1700AA5D35 /* mbBooksTests */,
				1D7174FD176900FC00CA1E90 /* mbBooks iOS */,
				1DEB65621727E18800FDBDC3 /* Frameworks */,
				1DEB65611727E18800FDBDC3 /* Products */,
				735B1A5883AEC48AA4AEB58A /* Pods */,
			);
			sourceTree = "<group>";
		};
		1DEB65611727E18800FDBDC3 /* Products */ = {
			isa = PBXGroup;
			children = (
				1DEB65601727E18800FDBDC3 /* mbBooks.app */,
				1D4FFAF417290D9800AA5D35 /* mbBooks Tests.app */,
				1D7174F6176900FC00CA1E90 /* mbBooks iOS.app */,
			);
			name = Products;
			sourceTree = "<group>";
		};
		1DEB65621727E18800FDBDC3 /* Frameworks */ = {
			isa = PBXGroup;
			children = (
				2C99472522784A6200C8CB9D /* Foundation.framework */,
				2C99472122784A3E00C8CB9D /* CoreGraphics.framework */,
				2C99472322784A5800C8CB9D /* CoreGraphics.framework */,
				2C63A98B2274F2AC008A026E /* UIKit.framework */,
				1DEB65631727E18800FDBDC3 /* Cocoa.framework */,
				1DEB65651727E18800FDBDC3 /* Other Frameworks */,
				699ECAD7816D65EFC1069DA0 /* Pods_mbBooks.framework */,
				15998E810106D06E0248F2ED /* libPods-mbBooks Tests.a */,
				1F192F860501B481C437173E /* libPods-mbBooks iOS.a */,
			);
			name = Frameworks;
			sourceTree = "<group>";
		};
		1DEB65651727E18800FDBDC3 /* Other Frameworks */ = {
			isa = PBXGroup;
			children = (
				1DEB65661727E18800FDBDC3 /* AppKit.framework */,
				1DEB65671727E18800FDBDC3 /* CoreData.framework */,
				1DEB65681727E18800FDBDC3 /* Foundation.framework */,
			);
			name = "Other Frameworks";
			sourceTree = "<group>";
		};
		1DEB65691727E18800FDBDC3 /* mbBooks */ = {
			isa = PBXGroup;
			children = (
				1D4FFADE1728255100AA5D35 /* mbBooks.entitlements */,
				2C46C83C227C360E0084C03E /* mbBooks.xcdatamodeld */,
				1DEB65881727FC7100FDBDC3 /* Sources */,
				1DEB656A1727E18800FDBDC3 /* Supporting Files */,
				2C63A99522775E74008A026E /* AppDelegate.swift */,
				2C63A99422775E73008A026E /* mbBooks-Bridging-Header.h */,
				2C12A5A6227977E700CA6076 /* Main.storyboard */,
			);
			path = mbBooks;
			sourceTree = "<group>";
		};
		1DEB656A1727E18800FDBDC3 /* Supporting Files */ = {
			isa = PBXGroup;
			children = (
				1DEB65821727E43400FDBDC3 /* Resources */,
				1DEB656B1727E18800FDBDC3 /* mbBooks-Info.plist */,
				1DEB656C1727E18800FDBDC3 /* InfoPlist.strings */,
				2C98E7C32282D417000BA9F4 /* Media.xcassets */,
				1DEB65711727E18800FDBDC3 /* mbBooks-Prefix.pch */,
			);
			name = "Supporting Files";
			sourceTree = "<group>";
		};
		1DEB65821727E43400FDBDC3 /* Resources */ = {
			isa = PBXGroup;
			children = (
				1D4FFB20172989E300AA5D35 /* tolstoy-war-and-peace.epub */,
			);
			path = Resources;
			sourceTree = "<group>";
		};
		1DEB65881727FC7100FDBDC3 /* Sources */ = {
			isa = PBXGroup;
			children = (
				2C42E17C227ED21B00D90DD2 /* mbChapters.swift */,
				2C25EA2F227B2471002D453A /* mbBooksViewController.swift */,
				2C99A4A62281E1B000020B4F /* mbBooksTextViewController.swift */,
				2C99472A22784BB100C8CB9D /* mbBooksController.swift */,
				2C99472C22784C9300C8CB9D /* mbBooksConstants.swift */,
				2C99472E22784E7E00C8CB9D /* mbBooksContentModel.swift */,
				2C9947382278A51700C8CB9D /* mbBooksParser.swift */,
				2C63A99722783784008A026E /* mbBooksExtractor.swift */,
				2C42E179227E064700D90DD2 /* mbLibraryViewController.swift */,
			);
			name = Sources;
			sourceTree = "<group>";
		};
		735B1A5883AEC48AA4AEB58A /* Pods */ = {
			isa = PBXGroup;
			children = (
				971F40BD14499F88A79A2939 /* Pods-mbBooks.debug.xcconfig */,
				E7E69929C842194E500716D8 /* Pods-mbBooks.release.xcconfig */,
				EDD170F9EAA0CF43FFE26DDF /* Pods-mbBooks Tests.debug.xcconfig */,
				C18108DEA5B1605D013417E3 /* Pods-mbBooks Tests.release.xcconfig */,
				74C6F5A6962A786C936117E2 /* Pods-mbBooks iOS.debug.xcconfig */,
				460CA5ACFE56C50D869B6D04 /* Pods-mbBooks iOS.release.xcconfig */,
			);
			path = Pods;
			sourceTree = "<group>";
		};
/* End PBXGroup section */

/* Begin PBXNativeTarget section */
		1D4FFADF17290D9800AA5D35 /* mbBooks Tests */ = {
			isa = PBXNativeTarget;
			buildConfigurationList = 1D4FFAF117290D9800AA5D35 /* Build configuration list for PBXNativeTarget "mbBooks Tests" */;
			buildPhases = (
				24AF568C88CF02F793AF7502 /* [CP] Check Pods Manifest.lock */,
				F65BBA73D4194947B61B1844 /* Check Pods Manifest.lock */,
				1D4FFAE117290D9800AA5D35 /* Sources */,
				1D4FFAE817290D9800AA5D35 /* Frameworks */,
				1D4FFAEB17290D9800AA5D35 /* Resources */,
			);
			buildRules = (
			);
			dependencies = (
			);
			name = "mbBooks Tests";
			productName = KFEpubKit;
			productReference = 1D4FFAF417290D9800AA5D35 /* mbBooks Tests.app */;
			productType = "com.apple.product-type.application";
		};
		1D7174F5176900FC00CA1E90 /* mbBooks iOS */ = {
			isa = PBXNativeTarget;
			buildConfigurationList = 1D71751A176900FC00CA1E90 /* Build configuration list for PBXNativeTarget "mbBooks iOS" */;
			buildPhases = (
				0012229F06FB4A2DAAB3BD13 /* [CP] Check Pods Manifest.lock */,
				E8985D254DE04BE4876B249B /* Check Pods Manifest.lock */,
				1D7174F2176900FC00CA1E90 /* Sources */,
				1D7174F3176900FC00CA1E90 /* Frameworks */,
				1D7174F4176900FC00CA1E90 /* Resources */,
			);
			buildRules = (
			);
			dependencies = (
			);
			name = "mbBooks iOS";
			productName = "KFEpubKit iOS";
			productReference = 1D7174F6176900FC00CA1E90 /* mbBooks iOS.app */;
			productType = "com.apple.product-type.application";
		};
		1DEB655F1727E18800FDBDC3 /* mbBooks */ = {
			isa = PBXNativeTarget;
			buildConfigurationList = 1DEB657D1727E18800FDBDC3 /* Build configuration list for PBXNativeTarget "mbBooks" */;
			buildPhases = (
				75E5625F4FA5214AE3CC8725 /* [CP] Check Pods Manifest.lock */,
				260B99BE768A4654AC75D944 /* Check Pods Manifest.lock */,
				1DEB655C1727E18800FDBDC3 /* Sources */,
				1DEB655D1727E18800FDBDC3 /* Frameworks */,
				1DEB655E1727E18800FDBDC3 /* Resources */,
				55A7358F89E63DF2BCC92C88 /* [CP] Embed Pods Frameworks */,
			);
			buildRules = (
			);
			dependencies = (
			);
			name = mbBooks;
			productName = KFEpubKit;
			productReference = 1DEB65601727E18800FDBDC3 /* mbBooks.app */;
			productType = "com.apple.product-type.application";
		};
/* End PBXNativeTarget section */

/* Begin PBXProject section */
		1DEB65581727E18800FDBDC3 /* Project object */ = {
			isa = PBXProject;
			attributes = {
				LastUpgradeCheck = 1020;
				ORGANIZATIONNAME = "";
				TargetAttributes = {
					1D4FFADF17290D9800AA5D35 = {
						DevelopmentTeam = 8Z7WM5742Z;
					};
					1D7174F5176900FC00CA1E90 = {
						DevelopmentTeam = 8Z7WM5742Z;
					};
					1DEB655F1727E18800FDBDC3 = {
						DevelopmentTeam = 8Z7WM5742Z;
						LastSwiftMigration = 1020;
					};
				};
			};
			buildConfigurationList = 1DEB655B1727E18800FDBDC3 /* Build configuration list for PBXProject "mbBooks" */;
			compatibilityVersion = "Xcode 3.2";
			developmentRegion = en;
			hasScannedForEncodings = 0;
			knownRegions = (
				en,
				Base,
			);
			mainGroup = 1DEB65571727E18800FDBDC3;
			productRefGroup = 1DEB65611727E18800FDBDC3 /* Products */;
			projectDirPath = "";
			projectRoot = "";
			targets = (
				1DEB655F1727E18800FDBDC3 /* mbBooks */,
				1D4FFADF17290D9800AA5D35 /* mbBooks Tests */,
				1D7174F5176900FC00CA1E90 /* mbBooks iOS */,
			);
		};
/* End PBXProject section */

/* Begin PBXResourcesBuildPhase section */
		1D4FFAEB17290D9800AA5D35 /* Resources */ = {
			isa = PBXResourcesBuildPhase;
			buildActionMask = 2147483647;
			files = (
				1D4FFAEC17290D9800AA5D35 /* InfoPlist.strings in Resources */,
				2C25EA2D227B048B002D453A /* Main.storyboard in Resources */,
				1D4FFB0017291D4C00AA5D35 /* valid.opf in Resources */,
				2C63A98E2274F4BF008A026E /* mbBooks Tests.app in Resources */,
				1D4FFB031729251A00AA5D35 /* invalid-toc.opf in Resources */,
				1D4FFB0517292EA500AA5D35 /* invalid-manifest.opf in Resources */,
				1D4FFB0B17293ABB00AA5D35 /* tolstoy-war-and-peace.epub in Resources */,
				1D4FFB231729918900AA5D35 /* valid-comments.opf in Resources */,
				1DC73F111733FA6900C87195 /* Winnie-the-Pooh.epub in Resources */,
			);
			runOnlyForDeploymentPostprocessing = 0;
		};
		1D7174F4176900FC00CA1E90 /* Resources */ = {
			isa = PBXResourcesBuildPhase;
			buildActionMask = 2147483647;
			files = (
				1D717502176900FC00CA1E90 /* InfoPlist.strings in Resources */,
				2C25EA2E227B048C002D453A /* Main.storyboard in Resources */,
				1D71750A176900FC00CA1E90 /* Default.png in Resources */,
				1D71750C176900FC00CA1E90 /* Default@2x.png in Resources */,
				1D71750E176900FC00CA1E90 /* Default-568h@2x.png in Resources */,
				2C63A9882274EF17008A026E /* tolstoy-war-and-peace.epub in Resources */,
				1D717514176900FC00CA1E90 /* KFViewController_iPhone.xib in Resources */,
				1D717517176900FC00CA1E90 /* KFViewController_iPad.xib in Resources */,
				2C63A9892274F000008A026E /* mbBooks iOS.app in Resources */,
				1D7175281769102500CA1E90 /* tolstoy-war-and-peace.epub in Resources */,
			);
			runOnlyForDeploymentPostprocessing = 0;
		};
		1DEB655E1727E18800FDBDC3 /* Resources */ = {
			isa = PBXResourcesBuildPhase;
			buildActionMask = 2147483647;
			files = (
				2C25EA2C227AE312002D453A /* Main.storyboard in Resources */,
				1DEB656E1727E18800FDBDC3 /* InfoPlist.strings in Resources */,
				2C98E7C42282D417000BA9F4 /* Media.xcassets in Resources */,
				1D4FFB21172989E300AA5D35 /* tolstoy-war-and-peace.epub in Resources */,
			);
			runOnlyForDeploymentPostprocessing = 0;
		};
/* End PBXResourcesBuildPhase section */

/* Begin PBXShellScriptBuildPhase section */
		0012229F06FB4A2DAAB3BD13 /* [CP] Check Pods Manifest.lock */ = {
			isa = PBXShellScriptBuildPhase;
			buildActionMask = 2147483647;
			files = (
			);
			inputFileListPaths = (
			);
			inputPaths = (
				"${PODS_PODFILE_DIR_PATH}/Podfile.lock",
				"${PODS_ROOT}/Manifest.lock",
			);
			name = "[CP] Check Pods Manifest.lock";
			outputFileListPaths = (
			);
			outputPaths = (
				"$(DERIVED_FILE_DIR)/Pods-mbBooks iOS-checkManifestLockResult.txt",
			);
			runOnlyForDeploymentPostprocessing = 0;
			shellPath = /bin/sh;
			shellScript = "diff \"${PODS_PODFILE_DIR_PATH}/Podfile.lock\" \"${PODS_ROOT}/Manifest.lock\" > /dev/null\nif [ $? != 0 ] ; then\n    # print error to STDERR\n    echo \"error: The sandbox is not in sync with the Podfile.lock. Run 'pod install' or update your CocoaPods installation.\" >&2\n    exit 1\nfi\n# This output is used by Xcode 'outputs' to avoid re-running this script phase.\necho \"SUCCESS\" > \"${SCRIPT_OUTPUT_FILE_0}\"\n";
			showEnvVarsInLog = 0;
		};
		24AF568C88CF02F793AF7502 /* [CP] Check Pods Manifest.lock */ = {
			isa = PBXShellScriptBuildPhase;
			buildActionMask = 2147483647;
			files = (
			);
			inputFileListPaths = (
			);
			inputPaths = (
				"${PODS_PODFILE_DIR_PATH}/Podfile.lock",
				"${PODS_ROOT}/Manifest.lock",
			);
			name = "[CP] Check Pods Manifest.lock";
			outputFileListPaths = (
			);
			outputPaths = (
				"$(DERIVED_FILE_DIR)/Pods-mbBooks Tests-checkManifestLockResult.txt",
			);
			runOnlyForDeploymentPostprocessing = 0;
			shellPath = /bin/sh;
			shellScript = "diff \"${PODS_PODFILE_DIR_PATH}/Podfile.lock\" \"${PODS_ROOT}/Manifest.lock\" > /dev/null\nif [ $? != 0 ] ; then\n    # print error to STDERR\n    echo \"error: The sandbox is not in sync with the Podfile.lock. Run 'pod install' or update your CocoaPods installation.\" >&2\n    exit 1\nfi\n# This output is used by Xcode 'outputs' to avoid re-running this script phase.\necho \"SUCCESS\" > \"${SCRIPT_OUTPUT_FILE_0}\"\n";
			showEnvVarsInLog = 0;
		};
		260B99BE768A4654AC75D944 /* Check Pods Manifest.lock */ = {
			isa = PBXShellScriptBuildPhase;
			buildActionMask = 2147483647;
			files = (
			);
			inputPaths = (
			);
			name = "Check Pods Manifest.lock";
			outputPaths = (
			);
			runOnlyForDeploymentPostprocessing = 0;
			shellPath = /bin/sh;
			shellScript = "diff \"${PODS_ROOT}/../Podfile.lock\" \"${PODS_ROOT}/Manifest.lock\" > /dev/null\nif [[ $? != 0 ]] ; then\n    cat << EOM\nerror: The sanbox is not in sync with the Podfile.lock. Run 'pod install'.\nEOM\n    exit 1\nfi\n";
		};
		55A7358F89E63DF2BCC92C88 /* [CP] Embed Pods Frameworks */ = {
			isa = PBXShellScriptBuildPhase;
			buildActionMask = 2147483647;
			files = (
			);
			inputFileListPaths = (
			);
			inputPaths = (
				"${PODS_ROOT}/Target Support Files/Pods-mbBooks/Pods-mbBooks-frameworks.sh",
				"${BUILT_PRODUCTS_DIR}/SSZipArchive-framework/SSZipArchive.framework",
			);
			name = "[CP] Embed Pods Frameworks";
			outputFileListPaths = (
			);
			outputPaths = (
				"${TARGET_BUILD_DIR}/${FRAMEWORKS_FOLDER_PATH}/SSZipArchive.framework",
			);
			runOnlyForDeploymentPostprocessing = 0;
			shellPath = /bin/sh;
			shellScript = "\"${PODS_ROOT}/Target Support Files/Pods-mbBooks/Pods-mbBooks-frameworks.sh\"\n";
			showEnvVarsInLog = 0;
		};
		75E5625F4FA5214AE3CC8725 /* [CP] Check Pods Manifest.lock */ = {
			isa = PBXShellScriptBuildPhase;
			buildActionMask = 2147483647;
			files = (
			);
			inputFileListPaths = (
			);
			inputPaths = (
				"${PODS_PODFILE_DIR_PATH}/Podfile.lock",
				"${PODS_ROOT}/Manifest.lock",
			);
			name = "[CP] Check Pods Manifest.lock";
			outputFileListPaths = (
			);
			outputPaths = (
				"$(DERIVED_FILE_DIR)/Pods-mbBooks-checkManifestLockResult.txt",
			);
			runOnlyForDeploymentPostprocessing = 0;
			shellPath = /bin/sh;
			shellScript = "diff \"${PODS_PODFILE_DIR_PATH}/Podfile.lock\" \"${PODS_ROOT}/Manifest.lock\" > /dev/null\nif [ $? != 0 ] ; then\n    # print error to STDERR\n    echo \"error: The sandbox is not in sync with the Podfile.lock. Run 'pod install' or update your CocoaPods installation.\" >&2\n    exit 1\nfi\n# This output is used by Xcode 'outputs' to avoid re-running this script phase.\necho \"SUCCESS\" > \"${SCRIPT_OUTPUT_FILE_0}\"\n";
			showEnvVarsInLog = 0;
		};
		E8985D254DE04BE4876B249B /* Check Pods Manifest.lock */ = {
			isa = PBXShellScriptBuildPhase;
			buildActionMask = 2147483647;
			files = (
			);
			inputPaths = (
			);
			name = "Check Pods Manifest.lock";
			outputPaths = (
			);
			runOnlyForDeploymentPostprocessing = 0;
			shellPath = /bin/sh;
			shellScript = "diff \"${PODS_ROOT}/../Podfile.lock\" \"${PODS_ROOT}/Manifest.lock\" > /dev/null\nif [[ $? != 0 ]] ; then\n    cat << EOM\nerror: The sandbox is not in sync with the Podfile.lock. Run 'pod install' or update your CocoaPods installation.\nEOM\n    exit 1\nfi\n";
		};
		F65BBA73D4194947B61B1844 /* Check Pods Manifest.lock */ = {
			isa = PBXShellScriptBuildPhase;
			buildActionMask = 2147483647;
			files = (
			);
			inputPaths = (
			);
			name = "Check Pods Manifest.lock";
			outputPaths = (
			);
			runOnlyForDeploymentPostprocessing = 0;
			shellPath = /bin/sh;
			shellScript = "diff \"${PODS_ROOT}/../Podfile.lock\" \"${PODS_ROOT}/Manifest.lock\" > /dev/null\nif [[ $? != 0 ]] ; then\n    cat << EOM\nerror: The sanbox is not in sync with the Podfile.lock. Run 'pod install'.\nEOM\n    exit 1\nfi\n";
		};
/* End PBXShellScriptBuildPhase section */

/* Begin PBXSourcesBuildPhase section */
		1D4FFAE117290D9800AA5D35 /* Sources */ = {
			isa = PBXSourcesBuildPhase;
			buildActionMask = 2147483647;
			files = (
				2CECEE98227906A7003D714D /* mbBooksContentModel.swift in Sources */,
				1D4FFAFA1729122E00AA5D35 /* GHUnitTestMain.m in Sources */,
				2CECEE9A227906AD003D714D /* mbBooksParser.swift in Sources */,
				1D4FFAFD17291A1500AA5D35 /* KFEpubParserTest.m in Sources */,
				1D4FFB091729383E00AA5D35 /* KFEpubExtractorTest.m in Sources */,
				2CECEE962279069E003D714D /* mbBooksController.swift in Sources */,
				1D4FFB14172979E600AA5D35 /* KFEpubControllerTest.m in Sources */,
				2CECEE9422790696003D714D /* AppDelegate.swift in Sources */,
				2CECEE9C227906B1003D714D /* mbBooksExtractor.swift in Sources */,
				1D4FFB1717297ABB00AA5D35 /* KFEpubTestUtils.m in Sources */,
				2C99473322789B4A00C8CB9D /* mbBooksConstants.swift in Sources */,
			);
			runOnlyForDeploymentPostprocessing = 0;
		};
		1D7174F2176900FC00CA1E90 /* Sources */ = {
			isa = PBXSourcesBuildPhase;
			buildActionMask = 2147483647;
			files = (
				2CECEE9B227906AE003D714D /* mbBooksParser.swift in Sources */,
				2C99473422789B4B00C8CB9D /* mbBooksConstants.swift in Sources */,
				2CECEE99227906A8003D714D /* mbBooksContentModel.swift in Sources */,
				1D717504176900FC00CA1E90 /* main.m in Sources */,
				1D717508176900FC00CA1E90 /* KFAppDelegate.m in Sources */,
				2CECEE9522790698003D714D /* AppDelegate.swift in Sources */,
				2C63A98D2274F374008A026E /* KFViewController.m in Sources */,
				2CECEE9D227906B2003D714D /* mbBooksExtractor.swift in Sources */,
			);
			runOnlyForDeploymentPostprocessing = 0;
		};
		1DEB655C1727E18800FDBDC3 /* Sources */ = {
			isa = PBXSourcesBuildPhase;
			buildActionMask = 2147483647;
			files = (
				2C99473A2278AAD800C8CB9D /* AppDelegate.swift in Sources */,
				2C46C83E227C360F0084C03E /* mbBooks.xcdatamodeld in Sources */,
				2C25EA30227B2471002D453A /* mbBooksViewController.swift in Sources */,
				2C9947392278A51700C8CB9D /* mbBooksParser.swift in Sources */,
				2C9947302278523C00C8CB9D /* mbBooksConstants.swift in Sources */,
				2C9947372278A4DD00C8CB9D /* mbBooksExtractor.swift in Sources */,
				2C9947362278A29500C8CB9D /* mbBooksController.swift in Sources */,
				2C99473522789E2E00C8CB9D /* mbBooksContentModel.swift in Sources */,
				2C99A4A72281E1B000020B4F /* mbBooksTextViewController.swift in Sources */,
				2C42E17E227ED21B00D90DD2 /* mbChapters.swift in Sources */,
				2C42E17A227E064700D90DD2 /* mbLibraryViewController.swift in Sources */,
			);
			runOnlyForDeploymentPostprocessing = 0;
		};
/* End PBXSourcesBuildPhase section */

/* Begin PBXVariantGroup section */
		1D717500176900FC00CA1E90 /* InfoPlist.strings */ = {
			isa = PBXVariantGroup;
			children = (
				1D717501176900FC00CA1E90 /* en */,
			);
			name = InfoPlist.strings;
			sourceTree = "<group>";
		};
		1D717512176900FC00CA1E90 /* KFViewController_iPhone.xib */ = {
			isa = PBXVariantGroup;
			children = (
				2C63A99022757102008A026E /* Base */,
			);
			name = KFViewController_iPhone.xib;
			sourceTree = "<group>";
		};
		1D717515176900FC00CA1E90 /* KFViewController_iPad.xib */ = {
			isa = PBXVariantGroup;
			children = (
				2C63A99122757102008A026E /* Base */,
			);
			name = KFViewController_iPad.xib;
			sourceTree = "<group>";
		};
		1DEB656C1727E18800FDBDC3 /* InfoPlist.strings */ = {
			isa = PBXVariantGroup;
			children = (
				1DEB656D1727E18800FDBDC3 /* en */,
			);
			name = InfoPlist.strings;
			sourceTree = "<group>";
		};
		2C12A5A6227977E700CA6076 /* Main.storyboard */ = {
			isa = PBXVariantGroup;
			children = (
				2C12A5A7227977E700CA6076 /* Base */,
			);
			name = Main.storyboard;
			sourceTree = "<group>";
		};
/* End PBXVariantGroup section */

/* Begin XCBuildConfiguration section */
		1D4FFAF217290D9800AA5D35 /* Debug */ = {
			isa = XCBuildConfiguration;
			baseConfigurationReference = EDD170F9EAA0CF43FFE26DDF /* Pods-mbBooks Tests.debug.xcconfig */;
			buildSettings = {
				CODE_SIGN_ENTITLEMENTS = mbBooks/mbBooks.entitlements;
				CODE_SIGN_IDENTITY = "Mac Developer";
				COMBINE_HIDPI_IMAGES = YES;
				DEVELOPMENT_TEAM = 8Z7WM5742Z;
				GCC_PRECOMPILE_PREFIX_HEADER = YES;
				GCC_PREFIX_HEADER = "mbBooks/mbBooks-Prefix.pch";
				INFOPLIST_FILE = "EpubKitTests/mbBooksTests-Info.plist";
				OTHER_LDFLAGS = (
					"$(inherited)",
					"-ObjC",
					"-l\"OCMock\"",
					"-l\"SSZipArchive-library-macOS\"",
					"-l\"z\"",
					"-lc++",
				);
				PRODUCT_BUNDLE_IDENTIFIER = "com.kfinteractive.osx.${PRODUCT_NAME:rfc1034identifier}";
				PRODUCT_NAME = "mbBooks Tests";
				WRAPPER_EXTENSION = app;
			};
			name = Debug;
		};
		1D4FFAF317290D9800AA5D35 /* Release */ = {
			isa = XCBuildConfiguration;
			baseConfigurationReference = C18108DEA5B1605D013417E3 /* Pods-mbBooks Tests.release.xcconfig */;
			buildSettings = {
				CODE_SIGN_ENTITLEMENTS = mbBooks/mbBooks.entitlements;
				CODE_SIGN_IDENTITY = "Mac Developer";
				COMBINE_HIDPI_IMAGES = YES;
				DEVELOPMENT_TEAM = 8Z7WM5742Z;
				GCC_PRECOMPILE_PREFIX_HEADER = YES;
				GCC_PREFIX_HEADER = "mbBooks/mbBooks-Prefix.pch";
				INFOPLIST_FILE = "EpubKitTests/mbBooksTests-Info.plist";
				OTHER_LDFLAGS = (
					"$(inherited)",
					"-ObjC",
					"-l\"OCMock\"",
					"-l\"SSZipArchive-library-macOS\"",
					"-l\"z\"",
					"-lc++",
				);
				PRODUCT_BUNDLE_IDENTIFIER = "com.kfinteractive.osx.${PRODUCT_NAME:rfc1034identifier}";
				PRODUCT_NAME = "mbBooks Tests";
				WRAPPER_EXTENSION = app;
			};
			name = Release;
		};
		1D717518176900FC00CA1E90 /* Debug */ = {
			isa = XCBuildConfiguration;
			baseConfigurationReference = 74C6F5A6962A786C936117E2 /* Pods-mbBooks iOS.debug.xcconfig */;
			buildSettings = {
				"CODE_SIGN_IDENTITY[sdk=iphoneos*]" = "iPhone Developer";
				DEVELOPMENT_TEAM = 8Z7WM5742Z;
				ENABLE_BITCODE = NO;
				FRAMEWORK_SEARCH_PATHS = (
					"$(inherited)",
					"\"$(SYSTEM_APPS_DIR)/Xcode.app/Contents/Developer/Library/Frameworks\"",
				);
				GCC_PRECOMPILE_PREFIX_HEADER = YES;
				GCC_PREFIX_HEADER = "mbBooks iOS/mbBooks iOS-Prefix.pch";
				INFOPLIST_FILE = "mbBooks iOS/mbBooks iOS-Info.plist";
				IPHONEOS_DEPLOYMENT_TARGET = 10.3;
				OTHER_CFLAGS = "$(inherited)";
				PRODUCT_BUNDLE_IDENTIFIER = "com.kfinteractive.ios.${PRODUCT_NAME:rfc1034identifier}";
				PRODUCT_NAME = "$(TARGET_NAME)";
				SDKROOT = iphoneos;
				TARGETED_DEVICE_FAMILY = 1;
				WRAPPER_EXTENSION = app;
			};
			name = Debug;
		};
		1D717519176900FC00CA1E90 /* Release */ = {
			isa = XCBuildConfiguration;
			baseConfigurationReference = 460CA5ACFE56C50D869B6D04 /* Pods-mbBooks iOS.release.xcconfig */;
			buildSettings = {
				"CODE_SIGN_IDENTITY[sdk=iphoneos*]" = "iPhone Developer";
				DEVELOPMENT_TEAM = 8Z7WM5742Z;
				ENABLE_BITCODE = NO;
				FRAMEWORK_SEARCH_PATHS = (
					"$(inherited)",
					"\"$(SYSTEM_APPS_DIR)/Xcode.app/Contents/Developer/Library/Frameworks\"",
				);
				GCC_PRECOMPILE_PREFIX_HEADER = YES;
				GCC_PREFIX_HEADER = "mbBooks iOS/mbBooks iOS-Prefix.pch";
				INFOPLIST_FILE = "mbBooks iOS/mbBooks iOS-Info.plist";
				IPHONEOS_DEPLOYMENT_TARGET = 10.3;
				OTHER_CFLAGS = "$(inherited)";
				PRODUCT_BUNDLE_IDENTIFIER = "com.kfinteractive.ios.${PRODUCT_NAME:rfc1034identifier}";
				PRODUCT_NAME = "$(TARGET_NAME)";
				SDKROOT = iphoneos;
				TARGETED_DEVICE_FAMILY = 1;
				VALIDATE_PRODUCT = YES;
				WRAPPER_EXTENSION = app;
			};
			name = Release;
		};
		1DEB657B1727E18800FDBDC3 /* Debug */ = {
			isa = XCBuildConfiguration;
			buildSettings = {
				ALWAYS_SEARCH_USER_PATHS = NO;
				CLANG_ANALYZER_LOCALIZABILITY_NONLOCALIZED = YES;
				CLANG_CXX_LANGUAGE_STANDARD = "gnu++0x";
				CLANG_CXX_LIBRARY = "libc++";
				CLANG_ENABLE_OBJC_ARC = YES;
				CLANG_WARN_BLOCK_CAPTURE_AUTORELEASING = YES;
				CLANG_WARN_BOOL_CONVERSION = YES;
				CLANG_WARN_COMMA = YES;
				CLANG_WARN_CONSTANT_CONVERSION = YES;
				CLANG_WARN_DEPRECATED_OBJC_IMPLEMENTATIONS = YES;
				CLANG_WARN_EMPTY_BODY = YES;
				CLANG_WARN_ENUM_CONVERSION = YES;
				CLANG_WARN_INFINITE_RECURSION = YES;
				CLANG_WARN_INT_CONVERSION = YES;
				CLANG_WARN_NON_LITERAL_NULL_CONVERSION = YES;
				CLANG_WARN_OBJC_IMPLICIT_RETAIN_SELF = YES;
				CLANG_WARN_OBJC_LITERAL_CONVERSION = YES;
				CLANG_WARN_RANGE_LOOP_ANALYSIS = YES;
				CLANG_WARN_STRICT_PROTOTYPES = YES;
				CLANG_WARN_SUSPICIOUS_MOVE = YES;
				CLANG_WARN_UNREACHABLE_CODE = YES;
				CLANG_WARN__DUPLICATE_METHOD_MATCH = YES;
				COPY_PHASE_STRIP = NO;
				ENABLE_STRICT_OBJC_MSGSEND = YES;
				ENABLE_TESTABILITY = YES;
				GCC_C_LANGUAGE_STANDARD = gnu99;
				GCC_DYNAMIC_NO_PIC = NO;
				GCC_ENABLE_OBJC_EXCEPTIONS = YES;
				GCC_NO_COMMON_BLOCKS = YES;
				GCC_OPTIMIZATION_LEVEL = 0;
				GCC_PREPROCESSOR_DEFINITIONS = (
					"DEBUG=1",
					"$(inherited)",
				);
				GCC_SYMBOLS_PRIVATE_EXTERN = NO;
				GCC_WARN_64_TO_32_BIT_CONVERSION = YES;
				GCC_WARN_ABOUT_RETURN_TYPE = YES;
				GCC_WARN_UNDECLARED_SELECTOR = YES;
				GCC_WARN_UNINITIALIZED_AUTOS = YES;
				GCC_WARN_UNUSED_FUNCTION = YES;
				GCC_WARN_UNUSED_VARIABLE = YES;
				MACOSX_DEPLOYMENT_TARGET = 10.14;
				ONLY_ACTIVE_ARCH = YES;
				SDKROOT = macosx;
			};
			name = Debug;
		};
		1DEB657C1727E18800FDBDC3 /* Release */ = {
			isa = XCBuildConfiguration;
			buildSettings = {
				ALWAYS_SEARCH_USER_PATHS = NO;
				CLANG_ANALYZER_LOCALIZABILITY_NONLOCALIZED = YES;
				CLANG_CXX_LANGUAGE_STANDARD = "gnu++0x";
				CLANG_CXX_LIBRARY = "libc++";
				CLANG_ENABLE_OBJC_ARC = YES;
				CLANG_WARN_BLOCK_CAPTURE_AUTORELEASING = YES;
				CLANG_WARN_BOOL_CONVERSION = YES;
				CLANG_WARN_COMMA = YES;
				CLANG_WARN_CONSTANT_CONVERSION = YES;
				CLANG_WARN_DEPRECATED_OBJC_IMPLEMENTATIONS = YES;
				CLANG_WARN_EMPTY_BODY = YES;
				CLANG_WARN_ENUM_CONVERSION = YES;
				CLANG_WARN_INFINITE_RECURSION = YES;
				CLANG_WARN_INT_CONVERSION = YES;
				CLANG_WARN_NON_LITERAL_NULL_CONVERSION = YES;
				CLANG_WARN_OBJC_IMPLICIT_RETAIN_SELF = YES;
				CLANG_WARN_OBJC_LITERAL_CONVERSION = YES;
				CLANG_WARN_RANGE_LOOP_ANALYSIS = YES;
				CLANG_WARN_STRICT_PROTOTYPES = YES;
				CLANG_WARN_SUSPICIOUS_MOVE = YES;
				CLANG_WARN_UNREACHABLE_CODE = YES;
				CLANG_WARN__DUPLICATE_METHOD_MATCH = YES;
				COPY_PHASE_STRIP = YES;
				DEBUG_INFORMATION_FORMAT = "dwarf-with-dsym";
				ENABLE_STRICT_OBJC_MSGSEND = YES;
				GCC_C_LANGUAGE_STANDARD = gnu99;
				GCC_ENABLE_OBJC_EXCEPTIONS = YES;
				GCC_NO_COMMON_BLOCKS = YES;
				GCC_WARN_64_TO_32_BIT_CONVERSION = YES;
				GCC_WARN_ABOUT_RETURN_TYPE = YES;
				GCC_WARN_UNDECLARED_SELECTOR = YES;
				GCC_WARN_UNINITIALIZED_AUTOS = YES;
				GCC_WARN_UNUSED_FUNCTION = YES;
				GCC_WARN_UNUSED_VARIABLE = YES;
				MACOSX_DEPLOYMENT_TARGET = 10.14;
				SDKROOT = macosx;
				SWIFT_COMPILATION_MODE = wholemodule;
			};
			name = Release;
		};
		1DEB657E1727E18800FDBDC3 /* Debug */ = {
			isa = XCBuildConfiguration;
			baseConfigurationReference = 971F40BD14499F88A79A2939 /* Pods-mbBooks.debug.xcconfig */;
			buildSettings = {
				ASSETCATALOG_COMPILER_APPICON_NAME = AppIcon;
				CLANG_ENABLE_MODULES = YES;
				CODE_SIGN_ENTITLEMENTS = mbBooks/mbBooks.entitlements;
				CODE_SIGN_IDENTITY = "Mac Developer";
				COMBINE_HIDPI_IMAGES = YES;
				DEVELOPMENT_TEAM = 8Z7WM5742Z;
				FRAMEWORK_SEARCH_PATHS = "$(inherited)";
				GCC_PRECOMPILE_PREFIX_HEADER = YES;
				GCC_PREFIX_HEADER = "mbBooks/mbBooks-Prefix.pch";
				INFOPLIST_FILE = "mbBooks/mbBooks-Info.plist";
				LD_RUNPATH_SEARCH_PATHS = "$(inherited)";
				OTHER_LDFLAGS = (
					"$(inherited)",
					"-l\"z\"",
					"-framework",
					"\"Foundation\"",
					"-framework",
					"\"SSZipArchive\"",
					"-lc++",
				);
				PRODUCT_BUNDLE_IDENTIFIER = com.melodieborel.osx.mbBooks;
				PRODUCT_NAME = "$(TARGET_NAME)";
				SWIFT_OBJC_BRIDGING_HEADER = "mbBooks/mbBooks-Bridging-Header.h";
				SWIFT_OPTIMIZATION_LEVEL = "-Onone";
				SWIFT_REFLECTION_METADATA_LEVEL = none;
				SWIFT_VERSION = 5.0;
				WRAPPER_EXTENSION = app;
			};
			name = Debug;
		};
		1DEB657F1727E18800FDBDC3 /* Release */ = {
			isa = XCBuildConfiguration;
			baseConfigurationReference = E7E69929C842194E500716D8 /* Pods-mbBooks.release.xcconfig */;
			buildSettings = {
				ASSETCATALOG_COMPILER_APPICON_NAME = AppIcon;
				CLANG_ENABLE_MODULES = YES;
				CODE_SIGN_ENTITLEMENTS = mbBooks/mbBooks.entitlements;
				CODE_SIGN_IDENTITY = "Mac Developer";
				COMBINE_HIDPI_IMAGES = YES;
				DEVELOPMENT_TEAM = 8Z7WM5742Z;
				FRAMEWORK_SEARCH_PATHS = "$(inherited)";
				GCC_PRECOMPILE_PREFIX_HEADER = YES;
				GCC_PREFIX_HEADER = "mbBooks/mbBooks-Prefix.pch";
				INFOPLIST_FILE = "mbBooks/mbBooks-Info.plist";
				LD_RUNPATH_SEARCH_PATHS = "$(inherited)";
				OTHER_LDFLAGS = (
					"$(inherited)",
					"-l\"z\"",
					"-framework",
					"\"Foundation\"",
					"-framework",
					"\"SSZipArchive\"",
					"-lc++",
				);
				PRODUCT_BUNDLE_IDENTIFIER = com.melodieborel.osx.mbBooks;
				PRODUCT_NAME = "$(TARGET_NAME)";
				SWIFT_OBJC_BRIDGING_HEADER = "mbBooks/mbBooks-Bridging-Header.h";
				SWIFT_REFLECTION_METADATA_LEVEL = none;
				SWIFT_VERSION = 5.0;
				WRAPPER_EXTENSION = app;
			};
			name = Release;
		};
/* End XCBuildConfiguration section */

/* Begin XCConfigurationList section */
		1D4FFAF117290D9800AA5D35 /* Build configuration list for PBXNativeTarget "mbBooks Tests" */ = {
			isa = XCConfigurationList;
			buildConfigurations = (
				1D4FFAF217290D9800AA5D35 /* Debug */,
				1D4FFAF317290D9800AA5D35 /* Release */,
			);
			defaultConfigurationIsVisible = 0;
			defaultConfigurationName = Release;
		};
		1D71751A176900FC00CA1E90 /* Build configuration list for PBXNativeTarget "mbBooks iOS" */ = {
			isa = XCConfigurationList;
			buildConfigurations = (
				1D717518176900FC00CA1E90 /* Debug */,
				1D717519176900FC00CA1E90 /* Release */,
			);
			defaultConfigurationIsVisible = 0;
			defaultConfigurationName = Release;
		};
		1DEB655B1727E18800FDBDC3 /* Build configuration list for PBXProject "mbBooks" */ = {
			isa = XCConfigurationList;
			buildConfigurations = (
				1DEB657B1727E18800FDBDC3 /* Debug */,
				1DEB657C1727E18800FDBDC3 /* Release */,
			);
			defaultConfigurationIsVisible = 0;
			defaultConfigurationName = Release;
		};
		1DEB657D1727E18800FDBDC3 /* Build configuration list for PBXNativeTarget "mbBooks" */ = {
			isa = XCConfigurationList;
			buildConfigurations = (
				1DEB657E1727E18800FDBDC3 /* Debug */,
				1DEB657F1727E18800FDBDC3 /* Release */,
			);
			defaultConfigurationIsVisible = 0;
			defaultConfigurationName = Release;
		};
/* End XCConfigurationList section */

/* Begin XCVersionGroup section */
		2C46C83C227C360E0084C03E /* mbBooks.xcdatamodeld */ = {
			isa = XCVersionGroup;
			children = (
				2C46C83D227C360E0084C03E /* mbBooks.xcdatamodel */,
			);
			currentVersion = 2C46C83D227C360E0084C03E /* mbBooks.xcdatamodel */;
			path = mbBooks.xcdatamodeld;
			sourceTree = "<group>";
			versionGroupType = wrapper.xcdatamodel;
		};
/* End XCVersionGroup section */
	};
	rootObject = 1DEB65581727E18800FDBDC3 /* Project object */;
}
